{
  "version": 4,
  "terraform_version": "0.12.23",
  "serial": 155,
  "lineage": "d09f8ce9-3599-2eab-a819-f25aad3d926d",
  "outputs": {},
  "resources": [
    {
      "module": "module.glb",
      "mode": "managed",
      "type": "google_compute_backend_service",
      "name": "default",
      "provider": "provider.google",
      "instances": [
        {
          "schema_version": 1,
          "attributes": {
            "affinity_cookie_ttl_sec": 0,
            "backend": [
              {
                "balancing_mode": "UTILIZATION",
                "capacity_scaler": 1,
                "description": "",
                "group": "https://www.googleapis.com/compute/v1/projects/tf-first-project/zones/asia-south1-a/instanceGroups/gitlab-server-mig-a",
                "max_connections": 0,
                "max_connections_per_endpoint": 0,
                "max_connections_per_instance": 0,
                "max_rate": 0,
                "max_rate_per_endpoint": 0,
                "max_rate_per_instance": 0,
                "max_utilization": 0.8
              }
            ],
            "cdn_policy": [],
            "connection_draining_timeout_sec": 300,
            "creation_timestamp": "2020-03-10T10:08:46.688-07:00",
            "description": "",
            "enable_cdn": false,
            "fingerprint": "21xc1t3pUgM=",
            "health_checks": [
              "https://www.googleapis.com/compute/v1/projects/tf-first-project/global/healthChecks/autohealing-health-check"
            ],
            "iap": [],
            "id": "gitlab-server-backend-service",
            "load_balancing_scheme": "EXTERNAL",
            "name": "gitlab-server-backend-service",
            "port_name": "http",
            "project": "tf-first-project",
            "protocol": "HTTP",
            "security_policy": "",
            "self_link": "https://www.googleapis.com/compute/v1/projects/tf-first-project/global/backendServices/gitlab-server-backend-service",
            "session_affinity": "NONE",
            "timeout_sec": 30,
            "timeouts": null
          },
          "private": "eyJlMmJmYjczMC1lY2FhLTExZTYtOGY4OC0zNDM2M2JjN2M0YzAiOnsiY3JlYXRlIjoyNDAwMDAwMDAwMDAsImRlbGV0ZSI6MjQwMDAwMDAwMDAwLCJ1cGRhdGUiOjI0MDAwMDAwMDAwMH0sInNjaGVtYV92ZXJzaW9uIjoiMSJ9",
          "dependencies": [
            "module.glb.google_compute_health_check.autohealing",
            "module.glb.google_compute_instance_group_manager.gitlab-server-mig-a",
            "module.glb.google_compute_instance_template.gitlab-server-template",
            "module.vpc.module.vpc.module.subnets.google_compute_subnetwork.subnetwork",
            "module.vpc.module.vpc.module.vpc.google_compute_network.network"
          ]
        }
      ]
    },
    {
      "module": "module.vpc",
      "mode": "managed",
      "type": "google_compute_firewall",
      "name": "default",
      "provider": "provider.google",
      "instances": [
        {
          "schema_version": 1,
          "attributes": {
            "allow": [
              {
                "ports": [
                  "80",
                  "443",
                  "22"
                ],
                "protocol": "tcp"
              }
            ],
            "creation_timestamp": "2020-03-10T10:08:06.034-07:00",
            "deny": [],
            "description": "",
            "destination_ranges": [],
            "direction": "INGRESS",
            "disabled": false,
            "id": "gitlab-firewall",
            "name": "gitlab-firewall",
            "network": "https://www.googleapis.com/compute/v1/projects/tf-first-project/global/networks/gitlab-vpc",
            "priority": 1000,
            "project": "tf-first-project",
            "self_link": "https://www.googleapis.com/compute/v1/projects/tf-first-project/global/firewalls/gitlab-firewall",
            "source_ranges": [
              "0.0.0.0/0"
            ],
            "source_service_accounts": [],
            "source_tags": [],
            "target_service_accounts": [],
            "target_tags": [],
            "timeouts": null
          },
          "private": "eyJlMmJmYjczMC1lY2FhLTExZTYtOGY4OC0zNDM2M2JjN2M0YzAiOnsiY3JlYXRlIjoyNDAwMDAwMDAwMDAsImRlbGV0ZSI6MjQwMDAwMDAwMDAwLCJ1cGRhdGUiOjI0MDAwMDAwMDAwMH0sInNjaGVtYV92ZXJzaW9uIjoiMSJ9",
          "dependencies": [
            "module.vpc.module.vpc.module.vpc.google_compute_network.network"
          ]
        }
      ]
    },
    {
      "module": "module.glb",
      "mode": "managed",
      "type": "google_compute_global_forwarding_rule",
      "name": "default",
      "provider": "provider.google",
      "instances": [
        {
          "schema_version": 0,
          "attributes": {
            "description": "",
            "id": "global-rule",
            "ip_address": "34.107.133.237",
            "ip_protocol": "TCP",
            "ip_version": "",
            "load_balancing_scheme": "EXTERNAL",
            "metadata_filters": [],
            "name": "global-rule",
            "port_range": "443-443",
            "project": "tf-first-project",
            "self_link": "https://www.googleapis.com/compute/v1/projects/tf-first-project/global/forwardingRules/global-rule",
            "target": "https://www.googleapis.com/compute/v1/projects/tf-first-project/global/targetHttpsProxies/gitlab-server-https-proxy",
            "timeouts": null
          },
          "private": "eyJlMmJmYjczMC1lY2FhLTExZTYtOGY4OC0zNDM2M2JjN2M0YzAiOnsiY3JlYXRlIjoyNDAwMDAwMDAwMDAsImRlbGV0ZSI6MjQwMDAwMDAwMDAwLCJ1cGRhdGUiOjI0MDAwMDAwMDAwMH19",
          "dependencies": [
            "module.glb.google_compute_ssl_certificate.default",
            "module.glb.google_compute_target_https_proxy.default",
            "module.glb.google_compute_url_map.default"
          ]
        }
      ]
    },
    {
      "module": "module.glb",
      "mode": "managed",
      "type": "google_compute_health_check",
      "name": "autohealing",
      "provider": "provider.google",
      "instances": [
        {
          "schema_version": 0,
          "attributes": {
            "check_interval_sec": 5,
            "creation_timestamp": "2020-03-10T10:07:48.444-07:00",
            "description": "",
            "healthy_threshold": 2,
            "http2_health_check": [],
            "http_health_check": [],
            "https_health_check": [],
            "id": "autohealing-health-check",
            "name": "autohealing-health-check",
            "project": "tf-first-project",
            "self_link": "https://www.googleapis.com/compute/v1/projects/tf-first-project/global/healthChecks/autohealing-health-check",
            "ssl_health_check": [],
            "tcp_health_check": [
              {
                "port": 80,
                "port_name": "",
                "port_specification": "",
                "proxy_header": "NONE",
                "request": "",
                "response": ""
              }
            ],
            "timeout_sec": 5,
            "timeouts": null,
            "type": "TCP",
            "unhealthy_threshold": 2
          },
          "private": "eyJlMmJmYjczMC1lY2FhLTExZTYtOGY4OC0zNDM2M2JjN2M0YzAiOnsiY3JlYXRlIjoyNDAwMDAwMDAwMDAsImRlbGV0ZSI6MjQwMDAwMDAwMDAwLCJ1cGRhdGUiOjI0MDAwMDAwMDAwMH19"
        }
      ]
    },
    {
      "module": "module.glb",
      "mode": "managed",
      "type": "google_compute_instance_group_manager",
      "name": "gitlab-server-mig-a",
      "provider": "provider.google",
      "instances": [
        {
          "schema_version": 0,
          "attributes": {
            "auto_healing_policies": [
              {
                "health_check": "https://www.googleapis.com/compute/beta/projects/tf-first-project/global/healthChecks/autohealing-health-check",
                "initial_delay_sec": 3600
              }
            ],
            "base_instance_name": "gitlab-server",
            "description": "",
            "fingerprint": "KeVzOKS7qyU=",
            "id": "tf-first-project/asia-south1-a/gitlab-server-mig-a",
            "instance_group": "https://www.googleapis.com/compute/v1/projects/tf-first-project/zones/asia-south1-a/instanceGroups/gitlab-server-mig-a",
            "instance_template": "https://www.googleapis.com/compute/v1/projects/tf-first-project/global/instanceTemplates/gitlab-server-20200310170822786900000001",
            "name": "gitlab-server-mig-a",
            "named_port": [
              {
                "name": "http",
                "port": 80
              }
            ],
            "project": "tf-first-project",
            "rolling_update_policy": [],
            "self_link": "https://www.googleapis.com/compute/v1/projects/tf-first-project/zones/asia-south1-a/instanceGroupManagers/gitlab-server-mig-a",
            "target_pools": [],
            "target_size": 1,
            "timeouts": null,
            "update_policy": [
              {
                "max_surge_fixed": 1,
                "max_surge_percent": 0,
                "max_unavailable_fixed": 1,
                "max_unavailable_percent": 0,
                "min_ready_sec": 0,
                "minimal_action": "REPLACE",
                "type": "OPPORTUNISTIC"
              }
            ],
            "update_strategy": "REPLACE",
            "version": [
              {
                "instance_template": "https://www.googleapis.com/compute/v1/projects/tf-first-project/global/instanceTemplates/gitlab-server-20200310170822786900000001",
                "name": "",
                "target_size": []
              }
            ],
            "wait_for_instances": false,
            "zone": "asia-south1-a"
          },
          "private": "eyJlMmJmYjczMC1lY2FhLTExZTYtOGY4OC0zNDM2M2JjN2M0YzAiOnsiY3JlYXRlIjozMDAwMDAwMDAwMDAsImRlbGV0ZSI6OTAwMDAwMDAwMDAwLCJ1cGRhdGUiOjMwMDAwMDAwMDAwMH19",
          "dependencies": [
            "module.glb.google_compute_health_check.autohealing",
            "module.glb.google_compute_instance_template.gitlab-server-template",
            "module.vpc.module.vpc.module.subnets.google_compute_subnetwork.subnetwork",
            "module.vpc.module.vpc.module.vpc.google_compute_network.network"
          ]
        }
      ]
    },
    {
      "module": "module.glb",
      "mode": "managed",
      "type": "google_compute_instance_template",
      "name": "gitlab-server-template",
      "provider": "provider.google",
      "instances": [
        {
          "schema_version": 1,
          "attributes": {
            "automatic_restart": null,
            "can_ip_forward": true,
            "description": "",
            "disk": [
              {
                "auto_delete": true,
                "boot": true,
                "device_name": "persistent-disk-0",
                "disk_encryption_key": [],
                "disk_name": "",
                "disk_size_gb": 0,
                "disk_type": "pd-standard",
                "interface": "SCSI",
                "labels": {},
                "mode": "READ_WRITE",
                "source": "",
                "source_image": "projects/debian-cloud/global/images/family/debian-9",
                "type": "PERSISTENT"
              }
            ],
            "enable_display": null,
            "guest_accelerator": [],
            "id": "gitlab-server-20200310170822786900000001",
            "instance_description": "",
            "labels": null,
            "machine_type": "n1-standard-1",
            "metadata": {},
            "metadata_fingerprint": "xp4rKPcrOYA=",
            "metadata_startup_script": "#!/bin/bash\n\n# set -xe\n\n# sudo apt-get update\n# sudo apt-get install -y curl openssh-server ca-certificates\n# curl https://packages.gitlab.com/install/repositories/gitlab/gitlab-ee/script.deb.sh | sudo bash\n# apt-get install gitlab-ee -y\n# sed -i 's/^external_url.*/external_url \"http:\\/\\/34.107.133.237\"/' /etc/gitlab/gitlab.rb\n# echo \"nginx['listen_port'] = 80\" \u003e\u003e /etc/gitlab/gitlab.rb\n# echo \"nginx['listen_https'] = false\" \u003e\u003e /etc/gitlab/gitlab.rb\n# gitlab-ctl reconfigure\n\n# mkdir -p /opt/app\n# gsutil -m cp -R gs://tf-first-project-bucket /opt/app\n\napt-get update\napt-get install -y curl openssh-server ca-certificates\ncurl https://packages.gitlab.com/install/repositories/gitlab/gitlab-ce/script.deb.sh | bash\nEXTERNAL_URL=\"http://gitlab.example.com\" apt-get install gitlab-ce -y\n# sudo mkdir -p /opt/app\n# gsutil -m cp -R gs://tf-first-project-bucket /opt/app\n# sudo mkdir -p /etc/gitlab/ssl\n# sudo chmod 755 /etc/gitlab/ssl\n# sudo cp /opt/app/tf-first-project-bucket/live/budita.dev/cert.pem /etc/gitlab/ssl/budita.dev.crt\n# sudo cp /opt/app/tf-first-project-bucket/live/budita.dev/privkey.pem /etc/gitlab/ssl/budita.dev.key\n# sudo cp /opt/app/tf-first-project-bucket/gitlab.rb /etc/gitlab/gitlab.rb\n# gitlab-ctl reconfigure",
            "min_cpu_platform": "",
            "name": "gitlab-server-20200310170822786900000001",
            "name_prefix": "gitlab-server-",
            "network_interface": [
              {
                "access_config": [
                  {
                    "assigned_nat_ip": "",
                    "nat_ip": "",
                    "network_tier": "PREMIUM"
                  }
                ],
                "address": "",
                "alias_ip_range": [],
                "network": "https://www.googleapis.com/compute/v1/projects/tf-first-project/global/networks/gitlab-vpc",
                "network_ip": "",
                "subnetwork": "https://www.googleapis.com/compute/v1/projects/tf-first-project/regions/asia-south1/subnetworks/subnet-02",
                "subnetwork_project": "tf-first-project"
              }
            ],
            "on_host_maintenance": null,
            "project": "tf-first-project",
            "region": "asia-south1",
            "scheduling": [
              {
                "automatic_restart": true,
                "node_affinities": [],
                "on_host_maintenance": "MIGRATE",
                "preemptible": false
              }
            ],
            "self_link": "https://www.googleapis.com/compute/beta/projects/tf-first-project/global/instanceTemplates/gitlab-server-20200310170822786900000001",
            "service_account": [
              {
                "email": "default",
                "scopes": [
                  "https://www.googleapis.com/auth/cloud-platform"
                ]
              }
            ],
            "shielded_instance_config": [],
            "tags": [],
            "tags_fingerprint": ""
          },
          "private": "eyJzY2hlbWFfdmVyc2lvbiI6IjEifQ==",
          "dependencies": [
            "module.vpc.module.vpc.module.subnets.google_compute_subnetwork.subnetwork",
            "module.vpc.module.vpc.module.vpc.google_compute_network.network"
          ]
        }
      ]
    },
    {
      "module": "module.vpc.module.vpc.module.vpc",
      "mode": "managed",
      "type": "google_compute_network",
      "name": "network",
      "provider": "provider.google",
      "instances": [
        {
          "schema_version": 0,
          "attributes": {
            "auto_create_subnetworks": false,
            "delete_default_routes_on_create": false,
            "description": "",
            "gateway_ipv4": "",
            "id": "gitlab-vpc",
            "ipv4_range": "",
            "name": "gitlab-vpc",
            "project": "tf-first-project",
            "routing_mode": "GLOBAL",
            "self_link": "https://www.googleapis.com/compute/v1/projects/tf-first-project/global/networks/gitlab-vpc",
            "timeouts": null
          },
          "private": "eyJlMmJmYjczMC1lY2FhLTExZTYtOGY4OC0zNDM2M2JjN2M0YzAiOnsiY3JlYXRlIjoyNDAwMDAwMDAwMDAsImRlbGV0ZSI6MjQwMDAwMDAwMDAwLCJ1cGRhdGUiOjI0MDAwMDAwMDAwMH19"
        }
      ]
    },
    {
      "module": "module.vpc.module.vpc.module.routes",
      "mode": "managed",
      "type": "google_compute_route",
      "name": "route",
      "each": "map",
      "provider": "provider.google",
      "instances": [
        {
          "index_key": "egress-internet",
          "schema_version": 0,
          "attributes": {
            "description": "route through IGW to access internet",
            "dest_range": "0.0.0.0/0",
            "id": "egress-internet",
            "name": "egress-internet",
            "network": "https://www.googleapis.com/compute/v1/projects/tf-first-project/global/networks/gitlab-vpc",
            "next_hop_gateway": "https://www.googleapis.com/compute/v1/projects/tf-first-project/global/gateways/default-internet-gateway",
            "next_hop_instance": "",
            "next_hop_instance_zone": null,
            "next_hop_ip": "",
            "next_hop_network": "",
            "next_hop_vpn_tunnel": "",
            "priority": 1000,
            "project": "tf-first-project",
            "self_link": "https://www.googleapis.com/compute/v1/projects/tf-first-project/global/routes/egress-internet",
            "tags": [
              "egress-inet"
            ],
            "timeouts": null
          },
          "private": "eyJlMmJmYjczMC1lY2FhLTExZTYtOGY4OC0zNDM2M2JjN2M0YzAiOnsiY3JlYXRlIjoyNDAwMDAwMDAwMDAsImRlbGV0ZSI6MjQwMDAwMDAwMDAwfX0=",
          "dependencies": [
            "module.vpc.module.vpc.module.subnets.google_compute_subnetwork.subnetwork",
            "module.vpc.module.vpc.module.vpc.google_compute_network.network"
          ]
        }
      ]
    },
    {
      "module": "module.vpc.module.vpc.module.vpc",
      "mode": "managed",
      "type": "google_compute_shared_vpc_host_project",
      "name": "shared_vpc_host",
      "each": "list",
      "provider": "provider.google",
      "instances": []
    },
    {
      "module": "module.glb",
      "mode": "managed",
      "type": "google_compute_ssl_certificate",
      "name": "default",
      "provider": "provider.google",
      "instances": [
        {
          "schema_version": 0,
          "attributes": {
            "certificate": "-----BEGIN CERTIFICATE-----\nMIIFSzCCBDOgAwIBAgISA2f0IzfvtDshVPtOHlU3ir0qMA0GCSqGSIb3DQEBCwUA\nMEoxCzAJBgNVBAYTAlVTMRYwFAYDVQQKEw1MZXQncyBFbmNyeXB0MSMwIQYDVQQD\nExpMZXQncyBFbmNyeXB0IEF1dGhvcml0eSBYMzAeFw0yMDAzMDYxMzEyNDlaFw0y\nMDA2MDQxMzEyNDlaMBUxEzARBgNVBAMTCmJ1ZGl0YS5kZXYwggEiMA0GCSqGSIb3\nDQEBAQUAA4IBDwAwggEKAoIBAQC3Y/q27MNsZBgmgCBgBzr/FQ4r8TJOGAMpfePV\nG8ehzzLmVGiQj7wvb5XiUMzs4d9W/IemZoK/EaFxa0fIPdw/WuX71c8dAZCFWiIi\nUXbueSI+AqpKy1sgUawhF1bKBUqdRUpi+o8IdG3MAVzoNHMTMUeUzQzVEwF6qEIC\nvBkqh6AnO0z+yzQ37g8cZzySLqxT5wJBjfESpfyg5MMnct5He1C1E9yyVI5Vao8j\nmfuvsaiiKTKvJFCYN9iFbtN7iaJwO/qfT4+GASuUMExO8EZ+ZVUiN5TqUWEsNk0O\nhwQT3sZQToulqYUNxkFl/I48PCY2KTU0icTzLj1RUmWRzJrBAgMBAAGjggJeMIIC\nWjAOBgNVHQ8BAf8EBAMCBaAwHQYDVR0lBBYwFAYIKwYBBQUHAwEGCCsGAQUFBwMC\nMAwGA1UdEwEB/wQCMAAwHQYDVR0OBBYEFHaqgAmAChIoUP1Gb1aFtTjnOKvvMB8G\nA1UdIwQYMBaAFKhKamMEfd265tE5t6ZFZe/zqOyhMG8GCCsGAQUFBwEBBGMwYTAu\nBggrBgEFBQcwAYYiaHR0cDovL29jc3AuaW50LXgzLmxldHNlbmNyeXB0Lm9yZzAv\nBggrBgEFBQcwAoYjaHR0cDovL2NlcnQuaW50LXgzLmxldHNlbmNyeXB0Lm9yZy8w\nFQYDVR0RBA4wDIIKYnVkaXRhLmRldjBMBgNVHSAERTBDMAgGBmeBDAECATA3Bgsr\nBgEEAYLfEwEBATAoMCYGCCsGAQUFBwIBFhpodHRwOi8vY3BzLmxldHNlbmNyeXB0\nLm9yZzCCAQMGCisGAQQB1nkCBAIEgfQEgfEA7wB2AOcS8rA3fhpi+47JDGGE8ep7\nN8tWHREmW/Pg80vyQVRuAAABcLAxDuAAAAQDAEcwRQIhALLeueVOhJ8eoii1P1WZ\nXE91uHX/Osf6B+QfdCW7ciiiAiBLlSERuoOAzllNelUjt+TAG2fcbLFWSg8fqg+n\nPwBTOQB1ALIeBcyLos2KIE6HZvkruYolIGdr2vpw57JJUy3vi5BeAAABcLAxDv4A\nAAQDAEYwRAIgDuEUyRCFZ6Y+ZZbtcW08Fi8xN8U6a4RZ8b3uOGsHyT0CIHEpQUQN\n5va/f6mwoyu3z8lMhnMfOEyq6P8hacELnRlbMA0GCSqGSIb3DQEBCwUAA4IBAQAu\nHnJQ34lMUvetO7pg3ax91chVzVmrNl6cm1FNiDdOaje03mgyDJq+YMPltePgSFgG\nXRCRzAP4UHBQA4To+3SOzH/+yRBtKs2abPbhcWziaWVGvhc9ltQQLIDbKR7i8qq5\nD+rsRuZV41WQz8AsxNzTJEOvI9YNYhIc1LAEDusdp0AO2YXQy9yd5Ku8McTxg8oW\noQcBV1POrI0FP2wV3Fh3rqg6UnX3umOWM1gLulSPQHAIS7vlhI49/f0+HamoAGKP\nAYXcRTb4x1f0ITVg155G9S4DChmtBzppCzcPv8hQv2CDNiu9TPDhOYVtquPl3/mJ\nqqnLb+MTlmvUGWWsJtB1\n-----END CERTIFICATE-----\n",
            "certificate_id": 2530027638367089913,
            "creation_timestamp": "2020-03-10T10:10:46.145-07:00",
            "description": "",
            "id": "my-certificate",
            "name": "my-certificate",
            "name_prefix": null,
            "private_key": "-----BEGIN PRIVATE KEY-----\nMIIEvAIBADANBgkqhkiG9w0BAQEFAASCBKYwggSiAgEAAoIBAQC3Y/q27MNsZBgm\ngCBgBzr/FQ4r8TJOGAMpfePVG8ehzzLmVGiQj7wvb5XiUMzs4d9W/IemZoK/EaFx\na0fIPdw/WuX71c8dAZCFWiIiUXbueSI+AqpKy1sgUawhF1bKBUqdRUpi+o8IdG3M\nAVzoNHMTMUeUzQzVEwF6qEICvBkqh6AnO0z+yzQ37g8cZzySLqxT5wJBjfESpfyg\n5MMnct5He1C1E9yyVI5Vao8jmfuvsaiiKTKvJFCYN9iFbtN7iaJwO/qfT4+GASuU\nMExO8EZ+ZVUiN5TqUWEsNk0OhwQT3sZQToulqYUNxkFl/I48PCY2KTU0icTzLj1R\nUmWRzJrBAgMBAAECggEBALGeIctdkQDACSvw2GppVliMGgexOdmtJBLhnPJgT3+G\nYHP4uLWaoNcIqhBh1bhwI5HqT694hZVtDAH/t6xXTaQG88xvjoM3arPdUkYOxLO/\nmsyYZDrArmek8qOyKRrM+TFNVPh8WGAF8/msMEGt2u5xwjR6TL1qBPq5UAW6DF3F\nDWX1gogw4d4CJxQdvqekIqt+WpHOHIrXA8KEHR1OxYER+ypIVXjEYNuBsHtfFSD/\nllc3IWum0LlFHeYORUlH99zfZF1ZlgLa0yjKWcgGjT3e3liKBRDn9TLXUh0a9QVG\nDq4aeJAys7ZtMiV5VJpuFDGW+lkcw4+yPSwxXTJRNgECgYEA5uXHl3XKVwNo39x+\nlPXz11if8fziQF3CNn9BN9l71wNg1fs/mNj8yQZrLjPrbsM5GVaD7e9nPJZ/zDOJ\n4x3xTT0yld8nQoze9Y6y1oXB7QkIU+kJXPw1hJgoQofSZ4L0k8WDqO/NEVz+SKDZ\nAW08rOGGJtwH+hZ++2K8FN4TNHECgYEAy1QCRVWPFKhHkeAJnlpGzySfDOl6fAWU\nJB0bKSXsoK31obFvJZ7CCaFswfYg6ZKmXOLPYU7+umwOu1yhPb1DqhPdDFMshZzo\nh2VR08PGeYMfu3n70mVbV8u8AMfHsiia8C4bLL+LLSFPc3CImrEPqRWcOWEJYlZP\nGpMlPo/us1ECgYBaVJSj/XH+Xpgd1B41Wo9dtQ9F1WASPFvphBlYpx3avTiaHiQA\nQQuL/ZXayncVqwxgjEcqw5kIy/wNQDB2iNVJGWL73QR39bKYMI5ofIWknP8EDMwb\n85NgX0KI3KgE1OeoFAJxCfeZDl9wvHSJKVoubEBWXYhFX52n7TWVmFe9EQJ/aaI7\ni8nni9PhWugKFzrPjs530z15ZPWBAUId2kLZrKCz/E0ycVkJdfdniV1VvAN0as1q\n8CMaM7/v52c4Xdr2TGYFcWHEv6XFKJJ68InFk1uMINo++g+uZO5zvfQMy4JM/Hr3\no0fgBpJHtLHCRpu2hyGzCBxhw7UTY7sOnnIokQKBgQDPC4Eq4oOw+mop/1SRsbWK\nnX70kZP1Va6KlUKVC8d5cAfzLzfBxzCJI7PfCGdZ+V6kUvQw5qFG4qYsr8vdp3A6\n7h/ciyUiu6s6BugezwnjRP4tMR2Tk/Ji2laOSFyTAIKOU5Q12wm58Zoqac0bMhwZ\nz0P0zDpkVIG5MRP1fxGghw==\n-----END PRIVATE KEY-----\n",
            "project": "tf-first-project",
            "self_link": "https://www.googleapis.com/compute/v1/projects/tf-first-project/global/sslCertificates/my-certificate",
            "timeouts": null
          },
          "private": "eyJlMmJmYjczMC1lY2FhLTExZTYtOGY4OC0zNDM2M2JjN2M0YzAiOnsiY3JlYXRlIjoyNDAwMDAwMDAwMDAsImRlbGV0ZSI6MjQwMDAwMDAwMDAwfX0="
        }
      ]
    },
    {
      "module": "module.vpc.module.vpc.module.subnets",
      "mode": "managed",
      "type": "google_compute_subnetwork",
      "name": "subnetwork",
      "each": "map",
      "provider": "provider.google",
      "instances": [
        {
          "index_key": "asia-south1/subnet-01",
          "schema_version": 0,
          "attributes": {
            "creation_timestamp": "2020-03-10T10:08:06.042-07:00",
            "description": "",
            "enable_flow_logs": false,
            "fingerprint": "fSivpkyaq28=",
            "gateway_address": "10.10.10.1",
            "id": "asia-south1/subnet-01",
            "ip_cidr_range": "10.10.10.0/24",
            "log_config": [],
            "name": "subnet-01",
            "network": "https://www.googleapis.com/compute/v1/projects/tf-first-project/global/networks/gitlab-vpc",
            "private_ip_google_access": false,
            "project": "tf-first-project",
            "region": "asia-south1",
            "secondary_ip_range": [],
            "self_link": "https://www.googleapis.com/compute/v1/projects/tf-first-project/regions/asia-south1/subnetworks/subnet-01",
            "timeouts": null
          },
          "private": "eyJlMmJmYjczMC1lY2FhLTExZTYtOGY4OC0zNDM2M2JjN2M0YzAiOnsiY3JlYXRlIjozNjAwMDAwMDAwMDAsImRlbGV0ZSI6MzYwMDAwMDAwMDAwLCJ1cGRhdGUiOjM2MDAwMDAwMDAwMH19",
          "dependencies": [
            "module.vpc.module.vpc.module.vpc.google_compute_network.network"
          ]
        },
        {
          "index_key": "asia-south1/subnet-02",
          "schema_version": 0,
          "attributes": {
            "creation_timestamp": "2020-03-10T10:08:06.137-07:00",
            "description": "This subnet has a description",
            "enable_flow_logs": false,
            "fingerprint": "BEsgChucBho=",
            "gateway_address": "10.10.20.1",
            "id": "asia-south1/subnet-02",
            "ip_cidr_range": "10.10.20.0/24",
            "log_config": [],
            "name": "subnet-02",
            "network": "https://www.googleapis.com/compute/v1/projects/tf-first-project/global/networks/gitlab-vpc",
            "private_ip_google_access": true,
            "project": "tf-first-project",
            "region": "asia-south1",
            "secondary_ip_range": [],
            "self_link": "https://www.googleapis.com/compute/v1/projects/tf-first-project/regions/asia-south1/subnetworks/subnet-02",
            "timeouts": null
          },
          "private": "eyJlMmJmYjczMC1lY2FhLTExZTYtOGY4OC0zNDM2M2JjN2M0YzAiOnsiY3JlYXRlIjozNjAwMDAwMDAwMDAsImRlbGV0ZSI6MzYwMDAwMDAwMDAwLCJ1cGRhdGUiOjM2MDAwMDAwMDAwMH19",
          "dependencies": [
            "module.vpc.module.vpc.module.vpc.google_compute_network.network"
          ]
        }
      ]
    },
    {
      "module": "module.glb",
      "mode": "managed",
      "type": "google_compute_target_https_proxy",
      "name": "default",
      "provider": "provider.google",
      "instances": [
        {
          "schema_version": 0,
          "attributes": {
            "creation_timestamp": "2020-03-10T10:10:50.676-07:00",
            "description": "",
            "id": "gitlab-server-https-proxy",
            "name": "gitlab-server-https-proxy",
            "project": "tf-first-project",
            "proxy_id": 5620972656196744437,
            "quic_override": "NONE",
            "self_link": "https://www.googleapis.com/compute/v1/projects/tf-first-project/global/targetHttpsProxies/gitlab-server-https-proxy",
            "ssl_certificates": [
              "https://www.googleapis.com/compute/v1/projects/tf-first-project/global/sslCertificates/my-certificate"
            ],
            "ssl_policy": "",
            "timeouts": null,
            "url_map": "https://www.googleapis.com/compute/v1/projects/tf-first-project/global/urlMaps/gitlab-server-url-map"
          },
          "private": "eyJlMmJmYjczMC1lY2FhLTExZTYtOGY4OC0zNDM2M2JjN2M0YzAiOnsiY3JlYXRlIjoyNDAwMDAwMDAwMDAsImRlbGV0ZSI6MjQwMDAwMDAwMDAwLCJ1cGRhdGUiOjI0MDAwMDAwMDAwMH19",
          "dependencies": [
            "module.glb.google_compute_ssl_certificate.default",
            "module.glb.google_compute_url_map.default"
          ]
        }
      ]
    },
    {
      "module": "module.glb",
      "mode": "managed",
      "type": "google_compute_url_map",
      "name": "default",
      "provider": "provider.google",
      "instances": [
        {
          "schema_version": 0,
          "attributes": {
            "creation_timestamp": "2020-03-10T10:08:55.646-07:00",
            "default_service": "https://www.googleapis.com/compute/v1/projects/tf-first-project/global/backendServices/gitlab-server-backend-service",
            "description": "",
            "fingerprint": "glN0L-7ADAE=",
            "host_rule": [],
            "id": "gitlab-server-url-map",
            "map_id": 1974531093881845576,
            "name": "gitlab-server-url-map",
            "path_matcher": [],
            "project": "tf-first-project",
            "self_link": "https://www.googleapis.com/compute/v1/projects/tf-first-project/global/urlMaps/gitlab-server-url-map",
            "test": [],
            "timeouts": null
          },
          "private": "eyJlMmJmYjczMC1lY2FhLTExZTYtOGY4OC0zNDM2M2JjN2M0YzAiOnsiY3JlYXRlIjoyNDAwMDAwMDAwMDAsImRlbGV0ZSI6MjQwMDAwMDAwMDAwLCJ1cGRhdGUiOjI0MDAwMDAwMDAwMH19",
          "dependencies": [
            "module.glb.google_compute_backend_service.default",
            "module.glb.google_compute_health_check.autohealing",
            "module.glb.google_compute_instance_group_manager.gitlab-server-mig-a",
            "module.glb.google_compute_instance_template.gitlab-server-template",
            "module.vpc.module.vpc.module.subnets.google_compute_subnetwork.subnetwork",
            "module.vpc.module.vpc.module.vpc.google_compute_network.network"
          ]
        }
      ]
    },
    {
      "module": "module.vpc.module.vpc.module.routes",
      "mode": "managed",
      "type": "null_resource",
      "name": "delete_default_internet_gateway_routes",
      "each": "list",
      "provider": "provider.null",
      "instances": []
    }
  ]
}
